<?xml version="1.0" encoding="utf-8"?>
<Project ToolsVersion="4.0" xmlns="http://schemas.microsoft.com/developer/msbuild/2003">
  <ItemGroup>
    <Filter Include="Source Files">
      <UniqueIdentifier>{4FC737F1-C7A5-4376-A066-2A32D752A2FF}</UniqueIdentifier>
      <Extensions>cpp;c;cc;cxx;def;odl;idl;hpj;bat;asm;asmx</Extensions>
    </Filter>
    <Filter Include="Header Files">
      <UniqueIdentifier>{93995380-89BD-4b04-88EB-625FBE52EBFB}</UniqueIdentifier>
      <Extensions>h;hpp;hxx;hm;inl;inc;xsd</Extensions>
    </Filter>
    <Filter Include="Resource Files">
      <UniqueIdentifier>{67DA6AB6-F800-4c08-8B7A-83BB121AAD01}</UniqueIdentifier>
      <Extensions>rc;ico;cur;bmp;dlg;rc2;rct;bin;rgs;gif;jpg;jpeg;jpe;resx;tiff;tif;png;wav;mfcribbon-ms</Extensions>
    </Filter>
    <Filter Include="luasrc">
      <UniqueIdentifier>{9602486e-e30c-4cae-8a6a-34b424965ea8}</UniqueIdentifier>
    </Filter>
  </ItemGroup>
  <ItemGroup>
    <None Include="ReadMe.txt" />
    <None Include="luadbg.def">
      <Filter>Source Files</Filter>
    </None>
  </ItemGroup>
  <ItemGroup>
    <ClInclude Include="stdafx.h">
      <Filter>Header Files</Filter>
    </ClInclude>
    <ClInclude Include="targetver.h">
      <Filter>Header Files</Filter>
    </ClInclude>
    <ClInclude Include="resource.h">
      <Filter>Header Files</Filter>
    </ClInclude>
  </ItemGroup>
  <ItemGroup>
    <ClCompile Include="stdafx.cpp">
      <Filter>Source Files</Filter>
    </ClCompile>
    <ClCompile Include="luadbg.cpp">
      <Filter>Source Files</Filter>
    </ClCompile>
    <ClCompile Include="dllmain.cpp">
      <Filter>Source Files</Filter>
    </ClCompile>
    <ClCompile Include="inc\engextcpp.cpp">
      <Filter>Source Files</Filter>
    </ClCompile>
    <ClCompile Include="lua_src\lapi.c">
      <Filter>luasrc</Filter>
    </ClCompile>
    <ClCompile Include="lua_src\lauxlib.c">
      <Filter>luasrc</Filter>
    </ClCompile>
    <ClCompile Include="lua_src\lbaselib.c">
      <Filter>luasrc</Filter>
    </ClCompile>
    <ClCompile Include="lua_src\lbitlib.c">
      <Filter>luasrc</Filter>
    </ClCompile>
    <ClCompile Include="lua_src\lcode.c">
      <Filter>luasrc</Filter>
    </ClCompile>
    <ClCompile Include="lua_src\lcorolib.c">
      <Filter>luasrc</Filter>
    </ClCompile>
    <ClCompile Include="lua_src\lctype.c">
      <Filter>luasrc</Filter>
    </ClCompile>
    <ClCompile Include="lua_src\ldblib.c">
      <Filter>luasrc</Filter>
    </ClCompile>
    <ClCompile Include="lua_src\ldebug.c">
      <Filter>luasrc</Filter>
    </ClCompile>
    <ClCompile Include="lua_src\ldo.c">
      <Filter>luasrc</Filter>
    </ClCompile>
    <ClCompile Include="lua_src\ldump.c">
      <Filter>luasrc</Filter>
    </ClCompile>
    <ClCompile Include="lua_src\lfunc.c">
      <Filter>luasrc</Filter>
    </ClCompile>
    <ClCompile Include="lua_src\lgc.c">
      <Filter>luasrc</Filter>
    </ClCompile>
    <ClCompile Include="lua_src\linit.c">
      <Filter>luasrc</Filter>
    </ClCompile>
    <ClCompile Include="lua_src\liolib.c">
      <Filter>luasrc</Filter>
    </ClCompile>
    <ClCompile Include="lua_src\llex.c">
      <Filter>luasrc</Filter>
    </ClCompile>
    <ClCompile Include="lua_src\lmathlib.c">
      <Filter>luasrc</Filter>
    </ClCompile>
    <ClCompile Include="lua_src\lmem.c">
      <Filter>luasrc</Filter>
    </ClCompile>
    <ClCompile Include="lua_src\loadlib.c">
      <Filter>luasrc</Filter>
    </ClCompile>
    <ClCompile Include="lua_src\lobject.c">
      <Filter>luasrc</Filter>
    </ClCompile>
    <ClCompile Include="lua_src\lopcodes.c">
      <Filter>luasrc</Filter>
    </ClCompile>
    <ClCompile Include="lua_src\loslib.c">
      <Filter>luasrc</Filter>
    </ClCompile>
    <ClCompile Include="lua_src\lparser.c">
      <Filter>luasrc</Filter>
    </ClCompile>
    <ClCompile Include="lua_src\lstate.c">
      <Filter>luasrc</Filter>
    </ClCompile>
    <ClCompile Include="lua_src\lstring.c">
      <Filter>luasrc</Filter>
    </ClCompile>
    <ClCompile Include="lua_src\lstrlib.c">
      <Filter>luasrc</Filter>
    </ClCompile>
    <ClCompile Include="lua_src\ltable.c">
      <Filter>luasrc</Filter>
    </ClCompile>
    <ClCompile Include="lua_src\ltablib.c">
      <Filter>luasrc</Filter>
    </ClCompile>
    <ClCompile Include="lua_src\ltm.c">
      <Filter>luasrc</Filter>
    </ClCompile>
    <ClCompile Include="lua_src\lundump.c">
      <Filter>luasrc</Filter>
    </ClCompile>
    <ClCompile Include="lua_src\lutf8lib.c">
      <Filter>luasrc</Filter>
    </ClCompile>
    <ClCompile Include="lua_src\lvm.c">
      <Filter>luasrc</Filter>
    </ClCompile>
    <ClCompile Include="lua_src\lzio.c">
      <Filter>luasrc</Filter>
    </ClCompile>
  </ItemGroup>
  <ItemGroup>
    <ResourceCompile Include="luadbg.rc">
      <Filter>Resource Files</Filter>
    </ResourceCompile>
  </ItemGroup>
</Project>